{
	"name": "versatiles-fonts",
	"version": "0.0.0",
	"lockfileVersion": 3,
	"requires": true,
	"packages": {
		"": {
			"name": "versatiles-fonts",
			"version": "0.0.0",
			"license": "MIT",
			"dependencies": {
				"fontkit": "^2.0.4",
				"subset-font": "^2.5.0"
			},
			"devDependencies": {
				"@types/fontkit": "^2.0.9",
				"@types/node": "^24.0.0",
				"prettier": "^3.9.4",
				"typescript": "^5.7.0"
			},
			"engines": {
				"node": ">=24"
			}
		},
		"node_modules/@swc/helpers": {
			"version": "0.5.23",
			"resolved": "https://registry.npmjs.org/@swc/helpers/-/helpers-0.5.23.tgz",
			"integrity": "sha512-5lSsMOTXURePglDfvuAQUqkGek9Hg2kksOYay2m0+XR++b2NWYL/4sWyuvVBIs8oKnJaxkdi9whaL/sqN13afw==",
			"license": "Apache-2.0",
			"dependencies": {
				"tslib": "^2.8.0"
			}
		},
		"node_modules/@types/fontkit": {
			"version": "2.0.9",
			"resolved": "https://registry.npmjs.org/@types/fontkit/-/fontkit-2.0.9.tgz",
			"integrity": "sha512-qNYerFky3muCmZPq+R+B3cUDRA5OONw/oh6aGGFxx2LOBz6yu8eamKusrhkHnC6rc2fm76+G9z9QoWSB2SaQaw==",
			"dev": true,
			"license": "MIT",
			"dependencies": {
				"@types/node": "*"
			}
		},
		"node_modules/@types/node": {
			"version": "24.13.2",
			"resolved": "https://registry.npmjs.org/@types/node/-/node-24.13.2.tgz",
			"integrity": "sha512-fRa09kZTgu8o71KFcDjUFuc7F+dEbZYZmkI0mg5YBTRs0yMKjYHsq/c0urDKeDb+D5qVgXOdFcuu+DZPKOITwA==",
			"dev": true,
			"license": "MIT",
			"dependencies": {
				"undici-types": "~7.18.0"
			}
		},
		"node_modules/argparse": {
			"version": "2.0.1",
			"resolved": "https://registry.npmjs.org/argparse/-/argparse-2.0.1.tgz",
			"integrity": "sha512-8+9WqebbFzpX9OR+Wa6O29asIogeRMzcGtAINdpMHHyAg10f05aSFVBbcEqGf/PXw1EjAZ+q2/bEBg3DvurK3Q==",
			"license": "Python-2.0"
		},
		"node_modules/base64-js": {
			"version": "1.5.1",
			"resolved": "https://registry.npmjs.org/base64-js/-/base64-js-1.5.1.tgz",
			"integrity": "sha512-AKpaYlHn8t4SVbOHCy+b5+KKgvR4vrsD8vbvrbiQJps7fKDTkjkDry6ji0rUJjC0kzbNePLwzxq8iypo41qeWA==",
			"funding": [
				{
					"type": "github",
					"url": "https://github.com/sponsors/feross"
				},
				{
					"type": "patreon",
					"url": "https://www.patreon.com/feross"
				},
				{
					"type": "consulting",
					"url": "https://feross.org/support"
				}
			],
			"license": "MIT"
		},
		"node_modules/brotli": {
			"version": "1.3.3",
			"resolved": "https://registry.npmjs.org/brotli/-/brotli-1.3.3.tgz",
			"integrity": "sha512-oTKjJdShmDuGW94SyyaoQvAjf30dZaHnjJ8uAF+u2/vGJkJbJPJAT1gDiOJP5v1Zb6f9KEyW/1HpuaWIXtGHPg==",
			"license": "MIT",
			"dependencies": {
				"base64-js": "^1.1.2"
			}
		},
		"node_modules/clone": {
			"version": "2.1.2",
			"resolved": "https://registry.npmjs.org/clone/-/clone-2.1.2.tgz",
			"integrity": "sha512-3Pe/CF1Nn94hyhIYpjtiLhdCoEoz0DqQ+988E9gmeEdQZlojxnOb74wctFyuwWQHzqyf9X7C7MG8juUpqBJT8w==",
			"license": "MIT",
			"engines": {
				"node": ">=0.8"
			}
		},
		"node_modules/dfa": {
			"version": "1.2.0",
			"resolved": "https://registry.npmjs.org/dfa/-/dfa-1.2.0.tgz",
			"integrity": "sha512-ED3jP8saaweFTjeGX8HQPjeC1YYyZs98jGNZx6IiBvxW7JG5v492kamAQB3m2wop07CvU/RQmzcKr6bgcC5D/Q==",
			"license": "MIT"
		},
		"node_modules/fast-deep-equal": {
			"version": "3.1.3",
			"resolved": "https://registry.npmjs.org/fast-deep-equal/-/fast-deep-equal-3.1.3.tgz",
			"integrity": "sha512-f3qQ9oQy9j2AhBe/H9VC91wLmKBCCU/gDOnKNAYG5hswO7BLKj09Hc5HYNz9cGI++xlpDCIgDaitVs03ATR84Q==",
			"license": "MIT"
		},
		"node_modules/fontkit": {
			"version": "2.0.4",
			"resolved": "https://registry.npmjs.org/fontkit/-/fontkit-2.0.4.tgz",
			"integrity": "sha512-syetQadaUEDNdxdugga9CpEYVaQIxOwk7GlwZWWZ19//qW4zE5bknOKeMBDYAASwnpaSHKJITRLMF9m1fp3s6g==",
			"license": "MIT",
			"dependencies": {
				"@swc/helpers": "^0.5.12",
				"brotli": "^1.3.2",
				"clone": "^2.1.2",
				"dfa": "^1.2.0",
				"fast-deep-equal": "^3.1.3",
				"restructure": "^3.0.0",
				"tiny-inflate": "^1.0.3",
				"unicode-properties": "^1.4.0",
				"unicode-trie": "^2.0.0"
			}
		},
		"node_modules/fontverter": {
			"version": "2.0.0",
			"resolved": "https://registry.npmjs.org/fontverter/-/fontverter-2.0.0.tgz",
			"integrity": "sha512-DFVX5hvXuhi1Jven1tbpebYTCT9XYnvx6/Z+HFUPb7ZRMCW+pj2clU9VMhoTPgWKPhAs7JJDSk3CW1jNUvKCZQ==",
			"license": "BSD-3-Clause",
			"dependencies": {
				"wawoff2": "^2.0.0",
				"woff2sfnt-sfnt2woff": "^1.0.0"
			}
		},
		"node_modules/harfbuzzjs": {
			"version": "0.10.3",
			"resolved": "https://registry.npmjs.org/harfbuzzjs/-/harfbuzzjs-0.10.3.tgz",
			"integrity": "sha512-GJnLUrgLMadlMYrBGEXwYEimObbysy3prWT4HyPpFQERvgTU/OZ+ReUlEPOum6w4RBtFXzXiCCmECOr4sz3qwQ==",
			"license": "MIT"
		},
		"node_modules/lodash": {
			"version": "4.18.1",
			"resolved": "https://registry.npmjs.org/lodash/-/lodash-4.18.1.tgz",
			"integrity": "sha512-dMInicTPVE8d1e5otfwmmjlxkZoUpiVLwyeTdUsi/Caj/gfzzblBcCE5sRHV/AsjuCmxWrte2TNGSYuCeCq+0Q==",
			"license": "MIT"
		},
		"node_modules/p-limit": {
			"version": "3.1.0",
			"resolved": "https://registry.npmjs.org/p-limit/-/p-limit-3.1.0.tgz",
			"integrity": "sha512-TYOanM3wGwNGsZN2cVTYPArw454xnXj5qmWF1bEoAc4+cU/ol7GVh7odevjp1FNHduHc3KZMcFduxU5Xc6uJRQ==",
			"license": "MIT",
			"dependencies": {
				"yocto-queue": "^0.1.0"
			},
			"engines": {
				"node": ">=10"
			},
			"funding": {
				"url": "https://github.com/sponsors/sindresorhus"
			}
		},
		"node_modules/pako": {
			"version": "0.2.9",
			"resolved": "https://registry.npmjs.org/pako/-/pako-0.2.9.tgz",
			"integrity": "sha512-NUcwaKxUxWrZLpDG+z/xZaCgQITkA/Dv4V/T6bw7VON6l1Xz/VnrBqrYjZQ12TamKHzITTfOEIYUj48y2KXImA==",
			"license": "MIT"
		},
		"node_modules/prettier": {
			"version": "3.9.4",
			"resolved": "https://registry.npmjs.org/prettier/-/prettier-3.9.4.tgz",
			"integrity": "sha512-yWG/o/4oJfo036EKAfK6ACAoDOfHeRHx4tuxkfBZiauURiaSmYwlpOr5LQqKtIkRD2z1PLteme2WoxEnj4tHTg==",
			"dev": true,
			"license": "MIT",
			"bin": {
				"prettier": "bin/prettier.cjs"
			},
			"engines": {
				"node": ">=14"
			},
			"funding": {
				"url": "https://github.com/prettier/prettier?sponsor=1"
			}
		},
		"node_modules/restructure": {
			"version": "3.0.2",
			"resolved": "https://registry.npmjs.org/restructure/-/restructure-3.0.2.tgz",
			"integrity": "sha512-gSfoiOEA0VPE6Tukkrr7I0RBdE0s7H1eFCDBk05l1KIQT1UIKNc5JZy6jdyW6eYH3aR3g5b3PuL77rq0hvwtAw==",
			"license": "MIT"
		},
		"node_modules/subset-font": {
			"version": "2.5.0",
			"resolved": "https://registry.npmjs.org/subset-font/-/subset-font-2.5.0.tgz",
			"integrity": "sha512-Vsa8ngQ/ohhUj0an7on49y9jLZ2rK5U+T1FzPM4/ZQY0xUy5mLis6BfFtPGzecTjFgYXQlvY7FlsJF4t3R/6Ug==",
			"license": "BSD-3-Clause",
			"dependencies": {
				"fontverter": "^2.0.0",
				"harfbuzzjs": "^0.10.3",
				"lodash": "^4.17.21",
				"p-limit": "^3.1.0"
			}
		},
		"node_modules/tiny-inflate": {
			"version": "1.0.3",
			"resolved": "https://registry.npmjs.org/tiny-inflate/-/tiny-inflate-1.0.3.tgz",
			"integrity": "sha512-pkY1fj1cKHb2seWDy0B16HeWyczlJA9/WW3u3c4z/NiWDsO3DOU5D7nhTLE9CF0yXv/QZFY7sEJmj24dK+Rrqw==",
			"license": "MIT"
		},
		"node_modules/tslib": {
			"version": "2.8.1",
			"resolved": "https://registry.npmjs.org/tslib/-/tslib-2.8.1.tgz",
			"integrity": "sha512-oJFu94HQb+KVduSUQL7wnpmqnfmLsOA/nAh6b6EH0wCEoK0/mPeXU6c3wKDV83MkOuHPRHtSXKKU99IBazS/2w==",
			"license": "0BSD"
		},
		"node_modules/typescript": {
			"version": "5.9.3",
			"resolved": "https://registry.npmjs.org/typescript/-/typescript-5.9.3.tgz",
			"integrity": "sha512-jl1vZzPDinLr9eUt3J/t7V6FgNEw9QjvBPdysz9KfQDD41fQrC2Y4vKQdiaUpFT4bXlb1RHhLpp8wtm6M5TgSw==",
			"dev": true,
			"license": "Apache-2.0",
			"bin": {
				"tsc": "bin/tsc",
				"tsserver": "bin/tsserver"
			},
			"engines": {
				"node": ">=14.17"
			}
		},
		"node_modules/undici-types": {
			"version": "7.18.2",
			"resolved": "https://registry.npmjs.org/undici-types/-/undici-types-7.18.2.tgz",
			"integrity": "sha512-AsuCzffGHJybSaRrmr5eHr81mwJU3kjw6M+uprWvCXiNeN9SOGwQ3Jn8jb8m3Z6izVgknn1R0FTCEAP2QrLY/w==",
			"dev": true,
			"license": "MIT"
		},
		"node_modules/unicode-properties": {
			"version": "1.4.1",
			"resolved": "https://registry.npmjs.org/unicode-properties/-/unicode-properties-1.4.1.tgz",
			"integrity": "sha512-CLjCCLQ6UuMxWnbIylkisbRj31qxHPAurvena/0iwSVbQ2G1VY5/HjV0IRabOEbDHlzZlRdCrD4NhB0JtU40Pg==",
			"license": "MIT",
			"dependencies": {
				"base64-js": "^1.3.0",
				"unicode-trie": "^2.0.0"
			}
		},
		"node_modules/unicode-trie": {
			"version": "2.0.0",
			"resolved": "https://registry.npmjs.org/unicode-trie/-/unicode-trie-2.0.0.tgz",
			"integrity": "sha512-x7bc76x0bm4prf1VLg79uhAzKw8DVboClSN5VxJuQ+LKDOVEW9CdH+VY7SP+vX7xCYQqzzgQpFqz15zeLvAtZQ==",
			"license": "MIT",
			"dependencies": {
				"pako": "^0.2.5",
				"tiny-inflate": "^1.0.0"
			}
		},
		"node_modules/wawoff2": {
			"version": "2.0.1",
			"resolved": "https://registry.npmjs.org/wawoff2/-/wawoff2-2.0.1.tgz",
			"integrity": "sha512-r0CEmvpH63r4T15ebFqeOjGqU4+EgTx4I510NtK35EMciSdcTxCw3Byy3JnBonz7iyIFZ0AbVo0bbFpEVuhCYA==",
			"license": "MIT",
			"dependencies": {
				"argparse": "^2.0.1"
			},
			"bin": {
				"woff2_compress.js": "bin/woff2_compress.js",
				"woff2_decompress.js": "bin/woff2_decompress.js"
			}
		},
		"node_modules/woff2sfnt-sfnt2woff": {
			"version": "1.0.0",
			"resolved": "https://registry.npmjs.org/woff2sfnt-sfnt2woff/-/woff2sfnt-sfnt2woff-1.0.0.tgz",
			"integrity": "sha512-edK4COc1c1EpRfMqCZO1xJOvdUtM5dbVb9iz97rScvnTevqEB3GllnLWCmMVp1MfQBdF1DFg/11I0rSyAdS4qQ==",
			"license": "MIT",
			"dependencies": {
				"pako": "^1.0.7"
			}
		},
		"node_modules/woff2sfnt-sfnt2woff/node_modules/pako": {
			"version": "1.0.11",
			"resolved": "https://registry.npmjs.org/pako/-/pako-1.0.11.tgz",
			"integrity": "sha512-4hLB8Py4zZce5s4yd9XzopqwVv/yGNhV1Bl8NTmCq1763HeK2+EwVTv+leGeL13Dnh2wfbqowVPXCIO0z4taYw==",
			"license": "(MIT AND Zlib)"
		},
		"node_modules/yocto-queue": {
			"version": "0.1.0",
			"resolved": "https://registry.npmjs.org/yocto-queue/-/yocto-queue-0.1.0.tgz",
			"integrity": "sha512-rVksvsnNCdJ/ohGc6xgPwyN8eheCxsiLM8mxuE/t/mOVqJewPuO1miLpTHQiRgTKCLexL4MeAFVagts7HmNZ2Q==",
			"license": "MIT",
			"engines": {
				"node": ">=10"
			},
			"funding": {
				"url": "https://github.com/sponsors/sindresorhus"
			}
		}
	}
}
